
Microsoft Visual Studio Solution File, Format Version 12.00
# Visual Studio 14
VisualStudioVersion = 14.0.23107.0
MinimumVisualStudioVersion = 10.0.40219.1
Project("{FAE04EC0-301F-11D3-BF4B-00C04F79EFBC}") = "TestApp", "TestApp\TestApp.csproj", "{75BE10CB-5352-4BB2-9C0E-7278B85EF6CE}"
EndProject
Global
	GlobalSection(SolutionConfigurationPlatforms) = preSolution
		Debug|Any CPU = Debug|Any CPU
		Release|Any CPU = Release|Any CPU
	EndGlobalSection
	GlobalSection(ProjectConfigurationPlatforms) = postSolution
		{75BE10CB-5352-4BB2-9C0E-7278B85EF6CE}.Debug|Any CPU.ActiveCfg = Debug|Any CPU
		{75BE10CB-5352-4BB2-9C0E-7278B85EF6CE}.Debug|Any CPU.Build.0 = Debug|Any CPU
		{75BE10CB-5352-4BB2-9C0E-7278B85EF6CE}.Release|Any CPU.ActiveCfg = Release|Any CPU
		{75BE10CB-5352-4BB2-9C0E-7278B85EF6CE}.Release|Any CPU.Build.0 = Release|Any CPU
	EndGlobalSection
	GlobalSection(SolutionProperties) = preSolution
		HideSolutionNode = FALSE
	EndGlobalSection
EndGlobal
